
Microsoft Visual Studio Solution File, Format Version 12.00
# Visual Studio Version 16
VisualStudioVersion = 16.0.30114.105
MinimumVisualStudioVersion = 10.0.40219.1
Project("{FAE04EC0-301F-11D3-BF4B-00C04F79EFBC}") = "Day001", "Day001\Day001.csproj", "{A8D06C50-49F9-4BC0-A128-D6A85B6DBB21}"
EndProject
Project("{FAE04EC0-301F-11D3-BF4B-00C04F79EFBC}") = "Day001.Test", "Day001.Test\Day001.Test.csproj", "{22DB7223-2E63-40E4-ACE7-DCC76A5DBD55}"
EndProject
Project("{FAE04EC0-301F-11D3-BF4B-00C04F79EFBC}") = "Day002", "Day002\Day002.csproj", "{75EBAAEE-FD0D-47AE-AFB0-4AA7044C21C8}"
EndProject
Project("{FAE04EC0-301F-11D3-BF4B-00C04F79EFBC}") = "Day002.Test", "Day002.Test\Day002.Test.csproj", "{F31911B6-B380-4637-9608-E4DA568701F6}"
EndProject
Project("{FAE04EC0-301F-11D3-BF4B-00C04F79EFBC}") = "Day003", "Day003\Day003.csproj", "{4BCDCBD5-7DA0-41AA-BFAB-6C9D14DA8014}"
EndProject
Project("{FAE04EC0-301F-11D3-BF4B-00C04F79EFBC}") = "Day003.Test", "Day003.Test\Day003.Test.csproj", "{2A9E0C0D-2CC1-4842-80E6-67FE5575E737}"
EndProject
Project("{FAE04EC0-301F-11D3-BF4B-00C04F79EFBC}") = "Day004", "Day004\Day004.csproj", "{F3A31412-A738-49EF-83B3-E2EBDFC5E954}"
EndProject
Project("{FAE04EC0-301F-11D3-BF4B-00C04F79EFBC}") = "Day004.Test", "Day004.Test\Day004.Test.csproj", "{55188304-FFAF-4F7D-BE59-94E5EC04DDF8}"
EndProject
Global
	GlobalSection(SolutionConfigurationPlatforms) = preSolution
		Debug|Any CPU = Debug|Any CPU
		Release|Any CPU = Release|Any CPU
	EndGlobalSection
	GlobalSection(SolutionProperties) = preSolution
		HideSolutionNode = FALSE
	EndGlobalSection
	GlobalSection(NestedProjects) = preSolution
	EndGlobalSection
	GlobalSection(ProjectConfigurationPlatforms) = postSolution
		{A8D06C50-49F9-4BC0-A128-D6A85B6DBB21}.Debug|Any CPU.ActiveCfg = Debug|Any CPU
		{A8D06C50-49F9-4BC0-A128-D6A85B6DBB21}.Debug|Any CPU.Build.0 = Debug|Any CPU
		{A8D06C50-49F9-4BC0-A128-D6A85B6DBB21}.Release|Any CPU.ActiveCfg = Release|Any CPU
		{A8D06C50-49F9-4BC0-A128-D6A85B6DBB21}.Release|Any CPU.Build.0 = Release|Any CPU
		{22DB7223-2E63-40E4-ACE7-DCC76A5DBD55}.Debug|Any CPU.ActiveCfg = Debug|Any CPU
		{22DB7223-2E63-40E4-ACE7-DCC76A5DBD55}.Debug|Any CPU.Build.0 = Debug|Any CPU
		{22DB7223-2E63-40E4-ACE7-DCC76A5DBD55}.Release|Any CPU.ActiveCfg = Release|Any CPU
		{22DB7223-2E63-40E4-ACE7-DCC76A5DBD55}.Release|Any CPU.Build.0 = Release|Any CPU
		{75EBAAEE-FD0D-47AE-AFB0-4AA7044C21C8}.Debug|Any CPU.ActiveCfg = Debug|Any CPU
		{75EBAAEE-FD0D-47AE-AFB0-4AA7044C21C8}.Debug|Any CPU.Build.0 = Debug|Any CPU
		{75EBAAEE-FD0D-47AE-AFB0-4AA7044C21C8}.Release|Any CPU.ActiveCfg = Release|Any CPU
		{75EBAAEE-FD0D-47AE-AFB0-4AA7044C21C8}.Release|Any CPU.Build.0 = Release|Any CPU
		{F31911B6-B380-4637-9608-E4DA568701F6}.Debug|Any CPU.ActiveCfg = Debug|Any CPU
		{F31911B6-B380-4637-9608-E4DA568701F6}.Debug|Any CPU.Build.0 = Debug|Any CPU
		{F31911B6-B380-4637-9608-E4DA568701F6}.Release|Any CPU.ActiveCfg = Release|Any CPU
		{F31911B6-B380-4637-9608-E4DA568701F6}.Release|Any CPU.Build.0 = Release|Any CPU
		{4BCDCBD5-7DA0-41AA-BFAB-6C9D14DA8014}.Debug|Any CPU.ActiveCfg = Debug|Any CPU
		{4BCDCBD5-7DA0-41AA-BFAB-6C9D14DA8014}.Debug|Any CPU.Build.0 = Debug|Any CPU
		{4BCDCBD5-7DA0-41AA-BFAB-6C9D14DA8014}.Release|Any CPU.ActiveCfg = Release|Any CPU
		{4BCDCBD5-7DA0-41AA-BFAB-6C9D14DA8014}.Release|Any CPU.Build.0 = Release|Any CPU
		{2A9E0C0D-2CC1-4842-80E6-67FE5575E737}.Debug|Any CPU.ActiveCfg = Debug|Any CPU
		{2A9E0C0D-2CC1-4842-80E6-67FE5575E737}.Debug|Any CPU.Build.0 = Debug|Any CPU
		{2A9E0C0D-2CC1-4842-80E6-67FE5575E737}.Release|Any CPU.ActiveCfg = Release|Any CPU
		{2A9E0C0D-2CC1-4842-80E6-67FE5575E737}.Release|Any CPU.Build.0 = Release|Any CPU
		{F3A31412-A738-49EF-83B3-E2EBDFC5E954}.Debug|Any CPU.ActiveCfg = Debug|Any CPU
		{F3A31412-A738-49EF-83B3-E2EBDFC5E954}.Debug|Any CPU.Build.0 = Debug|Any CPU
		{F3A31412-A738-49EF-83B3-E2EBDFC5E954}.Release|Any CPU.ActiveCfg = Release|Any CPU
		{F3A31412-A738-49EF-83B3-E2EBDFC5E954}.Release|Any CPU.Build.0 = Release|Any CPU
		{55188304-FFAF-4F7D-BE59-94E5EC04DDF8}.Debug|Any CPU.ActiveCfg = Debug|Any CPU
		{55188304-FFAF-4F7D-BE59-94E5EC04DDF8}.Debug|Any CPU.Build.0 = Debug|Any CPU
		{55188304-FFAF-4F7D-BE59-94E5EC04DDF8}.Release|Any CPU.ActiveCfg = Release|Any CPU
		{55188304-FFAF-4F7D-BE59-94E5EC04DDF8}.Release|Any CPU.Build.0 = Release|Any CPU
	EndGlobalSection
EndGlobal
