
Microsoft Visual Studio Solution File, Format Version 12.00
# Visual Studio Version 16
VisualStudioVersion = 16.0.30114.105
MinimumVisualStudioVersion = 10.0.40219.1
Project("{FAE04EC0-301F-11D3-BF4B-00C04F79EFBC}") = "Day001", "Day001\Day001.csproj", "{A8D06C50-49F9-4BC0-A128-D6A85B6DBB21}"
EndProject
Project("{FAE04EC0-301F-11D3-BF4B-00C04F79EFBC}") = "Day001.Test", "Day001.Test\Day001.Test.csproj", "{22DB7223-2E63-40E4-ACE7-DCC76A5DBD55}"
EndProject
Project("{FAE04EC0-301F-11D3-BF4B-00C04F79EFBC}") = "Day002", "Day002\Day002.csproj", "{75EBAAEE-FD0D-47AE-AFB0-4AA7044C21C8}"
EndProject
Project("{FAE04EC0-301F-11D3-BF4B-00C04F79EFBC}") = "Day002.Test", "Day002.Test\Day002.Test.csproj", "{F31911B6-B380-4637-9608-E4DA568701F6}"
EndProject
Project("{FAE04EC0-301F-11D3-BF4B-00C04F79EFBC}") = "Day003", "Day003\Day003.csproj", "{4BCDCBD5-7DA0-41AA-BFAB-6C9D14DA8014}"
EndProject
Project("{FAE04EC0-301F-11D3-BF4B-00C04F79EFBC}") = "Day003.Test", "Day003.Test\Day003.Test.csproj", "{2A9E0C0D-2CC1-4842-80E6-67FE5575E737}"
EndProject
Project("{FAE04EC0-301F-11D3-BF4B-00C04F79EFBC}") = "Day004", "Day004\Day004.csproj", "{F3A31412-A738-49EF-83B3-E2EBDFC5E954}"
EndProject
Project("{FAE04EC0-301F-11D3-BF4B-00C04F79EFBC}") = "Day004.Test", "Day004.Test\Day004.Test.csproj", "{55188304-FFAF-4F7D-BE59-94E5EC04DDF8}"
EndProject
Project("{FAE04EC0-301F-11D3-BF4B-00C04F79EFBC}") = "Day005", "Day005\Day005.csproj", "{8181F21E-7866-47F0-80A2-D0BE3F325F6B}"
EndProject
Project("{FAE04EC0-301F-11D3-BF4B-00C04F79EFBC}") = "Day005.Test", "Day005.Test\Day005.Test.csproj", "{FC23773E-8635-4B75-A87E-328274AB3162}"
EndProject
Project("{FAE04EC0-301F-11D3-BF4B-00C04F79EFBC}") = "Day006", "Day006\Day006.csproj", "{10023A6E-4305-4757-8C52-28B0C473EC4F}"
EndProject
Project("{FAE04EC0-301F-11D3-BF4B-00C04F79EFBC}") = "Day006.Test", "Day006.Test\Day006.Test.csproj", "{19F4C89C-0693-495D-A9E0-B71B554A2CEF}"
EndProject
Project("{FAE04EC0-301F-11D3-BF4B-00C04F79EFBC}") = "Day008", "Day008\Day008.csproj", "{8F2D58D6-CD04-4CEA-A25C-48D5C7A027D4}"
EndProject
Project("{FAE04EC0-301F-11D3-BF4B-00C04F79EFBC}") = "Day008.Test", "Day008.Test\Day008.Test.csproj", "{83B1FEEC-7A54-403F-84B8-FAD1C3E7B09B}"
EndProject
Project("{FAE04EC0-301F-11D3-BF4B-00C04F79EFBC}") = "Day009", "Day009\Day009.csproj", "{C08BF39B-2AB5-427B-8FA5-DACB9545EC06}"
EndProject
Project("{FAE04EC0-301F-11D3-BF4B-00C04F79EFBC}") = "Day009.Test", "Day009.Test\Day009.Test.csproj", "{D3735023-C797-49E8-A47F-D295F5BBE5C5}"
EndProject
Project("{FAE04EC0-301F-11D3-BF4B-00C04F79EFBC}") = "Day010", "Day010\Day010.csproj", "{C9DE261D-7BD9-4DDC-9140-4F4F2855BB20}"
EndProject
Project("{FAE04EC0-301F-11D3-BF4B-00C04F79EFBC}") = "Day010.Test", "Day010.Test\Day010.Test.csproj", "{B0BEB603-962C-4EEF-BF7F-5D0BDAC247AC}"
EndProject
Project("{FAE04EC0-301F-11D3-BF4B-00C04F79EFBC}") = "Day011", "Day011\Day011.csproj", "{9A059697-D060-4728-A64C-49A7DE394682}"
EndProject
Project("{FAE04EC0-301F-11D3-BF4B-00C04F79EFBC}") = "Day011.Test", "Day011.Test\Day011.Test.csproj", "{C7427CEA-1D49-4AE4-879B-B6717FA3795A}"
EndProject
Project("{FAE04EC0-301F-11D3-BF4B-00C04F79EFBC}") = "Day012", "Day012\Day012.csproj", "{94776EFC-168D-4AF1-8AB5-352A609A7253}"
EndProject
Project("{FAE04EC0-301F-11D3-BF4B-00C04F79EFBC}") = "Day012.Test", "Day012.Test\Day012.Test.csproj", "{AFA0173B-AD79-4DAB-8096-4C822D6D946F}"
EndProject
Project("{2150E333-8FDC-42A3-9474-1A3956D46DE8}") = "Day001", "Day001", "{A572A781-A533-4F9B-8FB1-95D53BE3E095}"
EndProject
Project("{2150E333-8FDC-42A3-9474-1A3956D46DE8}") = "Day002", "Day002", "{415DD644-E1D2-49F2-837E-6D463C9A483B}"
EndProject
Project("{2150E333-8FDC-42A3-9474-1A3956D46DE8}") = "Day003", "Day003", "{C41993D2-93A5-437E-90DA-549E9A551325}"
EndProject
Project("{2150E333-8FDC-42A3-9474-1A3956D46DE8}") = "Day004", "Day004", "{427A8A45-E850-415C-B9C5-FEBA1495B4CC}"
EndProject
Project("{2150E333-8FDC-42A3-9474-1A3956D46DE8}") = "Day005", "Day005", "{3C177E81-C4D5-4934-8A80-3C44AF1ED810}"
EndProject
Project("{2150E333-8FDC-42A3-9474-1A3956D46DE8}") = "Day006", "Day006", "{D55B0058-DB7D-435E-9DC2-44B834364B60}"
EndProject
Project("{2150E333-8FDC-42A3-9474-1A3956D46DE8}") = "Day008", "Day008", "{08FEA541-CC2D-497E-BD1E-8DD1E232D344}"
EndProject
Project("{2150E333-8FDC-42A3-9474-1A3956D46DE8}") = "Day009", "Day009", "{15D4C16A-25A1-4774-8BEE-2AF94F6B3A89}"
EndProject
Project("{2150E333-8FDC-42A3-9474-1A3956D46DE8}") = "Day010", "Day010", "{38215799-EA2C-437B-810F-286D8E810BEB}"
EndProject
Project("{2150E333-8FDC-42A3-9474-1A3956D46DE8}") = "Day011", "Day011", "{D43D6321-C67D-48EE-88B2-B3897989C114}"
EndProject
Project("{2150E333-8FDC-42A3-9474-1A3956D46DE8}") = "Day012", "Day012", "{985236FF-929E-4AC1-BF6E-C9BAE13D2A04}"
EndProject
Project("{2150E333-8FDC-42A3-9474-1A3956D46DE8}") = "Day007", "Day007", "{AD2A61ED-7778-4D19-92CC-DF69FEE18577}"
EndProject
Project("{FAE04EC0-301F-11D3-BF4B-00C04F79EFBC}") = "Day007", "Day007\Day007.csproj", "{56FD005B-130C-4A79-ADF5-621B20E4896A}"
EndProject
Project("{FAE04EC0-301F-11D3-BF4B-00C04F79EFBC}") = "Day007.Test", "Day007.Test\Day007.Test.csproj", "{41ECE1B7-51F8-4BB9-A15F-EF0D209657C8}"
EndProject
Project("{FAE04EC0-301F-11D3-BF4B-00C04F79EFBC}") = "Day013", "Day013\Day013.csproj", "{C6564EDD-8BAA-4806-8E42-21FB73C8708C}"
EndProject
Project("{FAE04EC0-301F-11D3-BF4B-00C04F79EFBC}") = "Day013.Test", "Day013.Test\Day013.Test.csproj", "{F96FE91C-C158-47F0-BFC1-FAF7866B7532}"
EndProject
Project("{2150E333-8FDC-42A3-9474-1A3956D46DE8}") = "Day013", "Day013", "{2A8ED49C-BF01-4FD8-9568-19F64113962C}"
EndProject
Project("{2150E333-8FDC-42A3-9474-1A3956D46DE8}") = "Day014", "Day014", "{39931A49-AA75-4C13-892B-FC2F2064B697}"
EndProject
Project("{FAE04EC0-301F-11D3-BF4B-00C04F79EFBC}") = "Day014", "Day014\Day014.csproj", "{F78F1814-87D2-4FD0-AF85-830EF5FC1DBD}"
EndProject
Project("{FAE04EC0-301F-11D3-BF4B-00C04F79EFBC}") = "Day014.Test", "Day014.Test\Day014.Test.csproj", "{0603F1AD-1B1C-4693-8A64-F210569CBAF9}"
EndProject
Project("{2150E333-8FDC-42A3-9474-1A3956D46DE8}") = "Day015", "Day015", "{ABF980ED-6582-4885-B72D-DEA487C7A44A}"
EndProject
Project("{FAE04EC0-301F-11D3-BF4B-00C04F79EFBC}") = "Day015", "Day015\Day015.csproj", "{05FD50F1-6141-4593-BA59-816CE85C71CE}"
EndProject
Project("{FAE04EC0-301F-11D3-BF4B-00C04F79EFBC}") = "Day015.Test", "Day015.Test\Day015.Test.csproj", "{6A56202A-608D-4379-B795-DF3BA30CC8C3}"
EndProject
Project("{2150E333-8FDC-42A3-9474-1A3956D46DE8}") = "Day016", "Day016", "{906AF173-B3C4-41F6-89D0-15BEA3A5B628}"
EndProject
Project("{FAE04EC0-301F-11D3-BF4B-00C04F79EFBC}") = "Day016", "Day016\Day016.csproj", "{D6CFA60D-5D22-4D75-AED7-AFF8A452F2B1}"
EndProject
Project("{FAE04EC0-301F-11D3-BF4B-00C04F79EFBC}") = "Day016.Test", "Day016.Test\Day016.Test.csproj", "{AD4EABC8-21ED-4EB2-BA80-84B821DEC22D}"
EndProject
Project("{2150E333-8FDC-42A3-9474-1A3956D46DE8}") = "Day017", "Day017", "{0446A598-9610-4DE6-B83D-490056506F0E}"
EndProject
Project("{FAE04EC0-301F-11D3-BF4B-00C04F79EFBC}") = "Day017", "Day017\Day017.csproj", "{6F837E67-D8AB-410F-A50E-F77A4619D4FC}"
EndProject
Project("{FAE04EC0-301F-11D3-BF4B-00C04F79EFBC}") = "Day017.Test", "Day017.Test\Day017.Test.csproj", "{1B34914A-05D8-4107-A48A-54092F6788CC}"
EndProject
Project("{2150E333-8FDC-42A3-9474-1A3956D46DE8}") = "Day018", "Day018", "{E45179C1-4656-439A-A77F-9019B38A09E1}"
EndProject
Project("{FAE04EC0-301F-11D3-BF4B-00C04F79EFBC}") = "Day018", "Day018\Day018.csproj", "{4CEC2A44-690C-4271-8ECD-AF268FD611FC}"
EndProject
Project("{FAE04EC0-301F-11D3-BF4B-00C04F79EFBC}") = "Day018.Test", "Day018.Test\Day018.Test.csproj", "{5B7BD630-F10B-45A1-BB83-00D5C3C84AAD}"
EndProject
Project("{2150E333-8FDC-42A3-9474-1A3956D46DE8}") = "Day019", "Day019", "{3B6AA94A-B859-49FC-8958-E085C4C965DB}"
EndProject
Project("{FAE04EC0-301F-11D3-BF4B-00C04F79EFBC}") = "Day019", "Day019\Day019.csproj", "{F2E6AF26-8C6D-448E-A511-222C59CD709D}"
EndProject
Project("{FAE04EC0-301F-11D3-BF4B-00C04F79EFBC}") = "Day019.Test", "Day019.Test\Day019.Test.csproj", "{4B76475E-6773-458D-B535-7B8555B07B60}"
EndProject
Project("{2150E333-8FDC-42A3-9474-1A3956D46DE8}") = "Day020", "Day020", "{B5409DC7-E103-41A0-9224-0CC8C3AFDF73}"
EndProject
Project("{FAE04EC0-301F-11D3-BF4B-00C04F79EFBC}") = "Day020", "Day020\Day020.csproj", "{F85AA13F-9374-49F8-9C7C-49F3419AE12F}"
EndProject
Project("{FAE04EC0-301F-11D3-BF4B-00C04F79EFBC}") = "Day020.Test", "Day020.Test\Day020.Test.csproj", "{14758493-F76C-4D1F-A279-7928692667A1}"
EndProject
Project("{2150E333-8FDC-42A3-9474-1A3956D46DE8}") = "Day021", "Day021", "{836CBF55-E119-48CE-80D3-DB6E2E299133}"
EndProject
Project("{FAE04EC0-301F-11D3-BF4B-00C04F79EFBC}") = "Day021", "Day021\Day021.csproj", "{D02C445C-E603-48C7-BC01-B435B34B80B5}"
EndProject
Project("{FAE04EC0-301F-11D3-BF4B-00C04F79EFBC}") = "Day021.Test", "Day021.Test\Day021.Test.csproj", "{5A0CE2CE-96B3-4680-B2AE-ED9541AB717F}"
EndProject
Project("{2150E333-8FDC-42A3-9474-1A3956D46DE8}") = "Day022", "Day022", "{CC0439E8-02C2-48BC-95DB-5A098C630A96}"
EndProject
Project("{FAE04EC0-301F-11D3-BF4B-00C04F79EFBC}") = "Day022", "Day022\Day022.csproj", "{101C9394-378E-4F52-A052-FC34E7D825A4}"
EndProject
Project("{FAE04EC0-301F-11D3-BF4B-00C04F79EFBC}") = "Day022.Test", "Day022.Test\Day022.Test.csproj", "{FE4BB6FF-857D-4645-8233-BCC13DF6393A}"
EndProject
Project("{2150E333-8FDC-42A3-9474-1A3956D46DE8}") = "Day023", "Day023", "{53A9118E-9000-4A6C-BF57-74B080480720}"
EndProject
Project("{FAE04EC0-301F-11D3-BF4B-00C04F79EFBC}") = "Day023", "Day023\Day023.csproj", "{2C591B89-B769-4AF8-B450-EB1A3745EC7F}"
EndProject
Project("{FAE04EC0-301F-11D3-BF4B-00C04F79EFBC}") = "Day023.Test", "Day023.Test\Day023.Test.csproj", "{A2A8627C-7593-46A2-8275-8A076D6DD2F4}"
EndProject
Project("{2150E333-8FDC-42A3-9474-1A3956D46DE8}") = "Day024", "Day024", "{72AD5E2C-7230-4720-9657-1F55395F05B3}"
EndProject
Project("{FAE04EC0-301F-11D3-BF4B-00C04F79EFBC}") = "Day024", "Day024\Day024.csproj", "{F5BEDB9A-7E20-4A3E-BFA3-37E3882884CC}"
EndProject
Project("{FAE04EC0-301F-11D3-BF4B-00C04F79EFBC}") = "Day024.Test", "Day024.Test\Day024.Test.csproj", "{6DEF44B6-7733-480C-9018-F2C3C3A80510}"
EndProject
Project("{2150E333-8FDC-42A3-9474-1A3956D46DE8}") = "Day025", "Day025", "{885620AD-4D67-40E3-B81E-6D25F1572968}"
EndProject
Project("{FAE04EC0-301F-11D3-BF4B-00C04F79EFBC}") = "Day025", "Day025\Day025.csproj", "{87C2536D-5558-4D69-96A0-DC3C1414CA43}"
EndProject
Project("{FAE04EC0-301F-11D3-BF4B-00C04F79EFBC}") = "Day025.Test", "Day025.Test\Day025.Test.csproj", "{DCCADDFA-1CFE-405B-9A2D-69EC1054C97B}"
EndProject
Global
	GlobalSection(SolutionConfigurationPlatforms) = preSolution
		Debug|Any CPU = Debug|Any CPU
		Release|Any CPU = Release|Any CPU
	EndGlobalSection
	GlobalSection(SolutionProperties) = preSolution
		HideSolutionNode = FALSE
	EndGlobalSection
	GlobalSection(NestedProjects) = preSolution
		{A8D06C50-49F9-4BC0-A128-D6A85B6DBB21} = {A572A781-A533-4F9B-8FB1-95D53BE3E095}
		{22DB7223-2E63-40E4-ACE7-DCC76A5DBD55} = {A572A781-A533-4F9B-8FB1-95D53BE3E095}
		{75EBAAEE-FD0D-47AE-AFB0-4AA7044C21C8} = {415DD644-E1D2-49F2-837E-6D463C9A483B}
		{F31911B6-B380-4637-9608-E4DA568701F6} = {415DD644-E1D2-49F2-837E-6D463C9A483B}
		{4BCDCBD5-7DA0-41AA-BFAB-6C9D14DA8014} = {C41993D2-93A5-437E-90DA-549E9A551325}
		{2A9E0C0D-2CC1-4842-80E6-67FE5575E737} = {C41993D2-93A5-437E-90DA-549E9A551325}
		{F3A31412-A738-49EF-83B3-E2EBDFC5E954} = {427A8A45-E850-415C-B9C5-FEBA1495B4CC}
		{55188304-FFAF-4F7D-BE59-94E5EC04DDF8} = {427A8A45-E850-415C-B9C5-FEBA1495B4CC}
		{8181F21E-7866-47F0-80A2-D0BE3F325F6B} = {3C177E81-C4D5-4934-8A80-3C44AF1ED810}
		{FC23773E-8635-4B75-A87E-328274AB3162} = {3C177E81-C4D5-4934-8A80-3C44AF1ED810}
		{10023A6E-4305-4757-8C52-28B0C473EC4F} = {D55B0058-DB7D-435E-9DC2-44B834364B60}
		{19F4C89C-0693-495D-A9E0-B71B554A2CEF} = {D55B0058-DB7D-435E-9DC2-44B834364B60}
		{8F2D58D6-CD04-4CEA-A25C-48D5C7A027D4} = {08FEA541-CC2D-497E-BD1E-8DD1E232D344}
		{83B1FEEC-7A54-403F-84B8-FAD1C3E7B09B} = {08FEA541-CC2D-497E-BD1E-8DD1E232D344}
		{C08BF39B-2AB5-427B-8FA5-DACB9545EC06} = {15D4C16A-25A1-4774-8BEE-2AF94F6B3A89}
		{D3735023-C797-49E8-A47F-D295F5BBE5C5} = {15D4C16A-25A1-4774-8BEE-2AF94F6B3A89}
		{C9DE261D-7BD9-4DDC-9140-4F4F2855BB20} = {38215799-EA2C-437B-810F-286D8E810BEB}
		{B0BEB603-962C-4EEF-BF7F-5D0BDAC247AC} = {38215799-EA2C-437B-810F-286D8E810BEB}
		{9A059697-D060-4728-A64C-49A7DE394682} = {D43D6321-C67D-48EE-88B2-B3897989C114}
		{C7427CEA-1D49-4AE4-879B-B6717FA3795A} = {D43D6321-C67D-48EE-88B2-B3897989C114}
		{94776EFC-168D-4AF1-8AB5-352A609A7253} = {985236FF-929E-4AC1-BF6E-C9BAE13D2A04}
		{AFA0173B-AD79-4DAB-8096-4C822D6D946F} = {985236FF-929E-4AC1-BF6E-C9BAE13D2A04}
		{56FD005B-130C-4A79-ADF5-621B20E4896A} = {AD2A61ED-7778-4D19-92CC-DF69FEE18577}
		{41ECE1B7-51F8-4BB9-A15F-EF0D209657C8} = {AD2A61ED-7778-4D19-92CC-DF69FEE18577}
		{C6564EDD-8BAA-4806-8E42-21FB73C8708C} = {2A8ED49C-BF01-4FD8-9568-19F64113962C}
		{F96FE91C-C158-47F0-BFC1-FAF7866B7532} = {2A8ED49C-BF01-4FD8-9568-19F64113962C}
		{F78F1814-87D2-4FD0-AF85-830EF5FC1DBD} = {39931A49-AA75-4C13-892B-FC2F2064B697}
		{0603F1AD-1B1C-4693-8A64-F210569CBAF9} = {39931A49-AA75-4C13-892B-FC2F2064B697}
		{05FD50F1-6141-4593-BA59-816CE85C71CE} = {ABF980ED-6582-4885-B72D-DEA487C7A44A}
		{6A56202A-608D-4379-B795-DF3BA30CC8C3} = {ABF980ED-6582-4885-B72D-DEA487C7A44A}
		{D6CFA60D-5D22-4D75-AED7-AFF8A452F2B1} = {906AF173-B3C4-41F6-89D0-15BEA3A5B628}
		{AD4EABC8-21ED-4EB2-BA80-84B821DEC22D} = {906AF173-B3C4-41F6-89D0-15BEA3A5B628}
		{6F837E67-D8AB-410F-A50E-F77A4619D4FC} = {0446A598-9610-4DE6-B83D-490056506F0E}
		{1B34914A-05D8-4107-A48A-54092F6788CC} = {0446A598-9610-4DE6-B83D-490056506F0E}
		{4CEC2A44-690C-4271-8ECD-AF268FD611FC} = {E45179C1-4656-439A-A77F-9019B38A09E1}
		{5B7BD630-F10B-45A1-BB83-00D5C3C84AAD} = {E45179C1-4656-439A-A77F-9019B38A09E1}
		{F2E6AF26-8C6D-448E-A511-222C59CD709D} = {3B6AA94A-B859-49FC-8958-E085C4C965DB}
		{4B76475E-6773-458D-B535-7B8555B07B60} = {3B6AA94A-B859-49FC-8958-E085C4C965DB}
		{F85AA13F-9374-49F8-9C7C-49F3419AE12F} = {B5409DC7-E103-41A0-9224-0CC8C3AFDF73}
		{14758493-F76C-4D1F-A279-7928692667A1} = {B5409DC7-E103-41A0-9224-0CC8C3AFDF73}
		{D02C445C-E603-48C7-BC01-B435B34B80B5} = {836CBF55-E119-48CE-80D3-DB6E2E299133}
		{5A0CE2CE-96B3-4680-B2AE-ED9541AB717F} = {836CBF55-E119-48CE-80D3-DB6E2E299133}
		{101C9394-378E-4F52-A052-FC34E7D825A4} = {CC0439E8-02C2-48BC-95DB-5A098C630A96}
		{FE4BB6FF-857D-4645-8233-BCC13DF6393A} = {CC0439E8-02C2-48BC-95DB-5A098C630A96}
		{2C591B89-B769-4AF8-B450-EB1A3745EC7F} = {53A9118E-9000-4A6C-BF57-74B080480720}
		{A2A8627C-7593-46A2-8275-8A076D6DD2F4} = {53A9118E-9000-4A6C-BF57-74B080480720}
		{F5BEDB9A-7E20-4A3E-BFA3-37E3882884CC} = {72AD5E2C-7230-4720-9657-1F55395F05B3}
		{6DEF44B6-7733-480C-9018-F2C3C3A80510} = {72AD5E2C-7230-4720-9657-1F55395F05B3}
		{87C2536D-5558-4D69-96A0-DC3C1414CA43} = {885620AD-4D67-40E3-B81E-6D25F1572968}
		{DCCADDFA-1CFE-405B-9A2D-69EC1054C97B} = {885620AD-4D67-40E3-B81E-6D25F1572968}
	EndGlobalSection
	GlobalSection(ProjectConfigurationPlatforms) = postSolution
		{A8D06C50-49F9-4BC0-A128-D6A85B6DBB21}.Debug|Any CPU.ActiveCfg = Debug|Any CPU
		{A8D06C50-49F9-4BC0-A128-D6A85B6DBB21}.Debug|Any CPU.Build.0 = Debug|Any CPU
		{A8D06C50-49F9-4BC0-A128-D6A85B6DBB21}.Release|Any CPU.ActiveCfg = Release|Any CPU
		{A8D06C50-49F9-4BC0-A128-D6A85B6DBB21}.Release|Any CPU.Build.0 = Release|Any CPU
		{22DB7223-2E63-40E4-ACE7-DCC76A5DBD55}.Debug|Any CPU.ActiveCfg = Debug|Any CPU
		{22DB7223-2E63-40E4-ACE7-DCC76A5DBD55}.Debug|Any CPU.Build.0 = Debug|Any CPU
		{22DB7223-2E63-40E4-ACE7-DCC76A5DBD55}.Release|Any CPU.ActiveCfg = Release|Any CPU
		{22DB7223-2E63-40E4-ACE7-DCC76A5DBD55}.Release|Any CPU.Build.0 = Release|Any CPU
		{75EBAAEE-FD0D-47AE-AFB0-4AA7044C21C8}.Debug|Any CPU.ActiveCfg = Debug|Any CPU
		{75EBAAEE-FD0D-47AE-AFB0-4AA7044C21C8}.Debug|Any CPU.Build.0 = Debug|Any CPU
		{75EBAAEE-FD0D-47AE-AFB0-4AA7044C21C8}.Release|Any CPU.ActiveCfg = Release|Any CPU
		{75EBAAEE-FD0D-47AE-AFB0-4AA7044C21C8}.Release|Any CPU.Build.0 = Release|Any CPU
		{F31911B6-B380-4637-9608-E4DA568701F6}.Debug|Any CPU.ActiveCfg = Debug|Any CPU
		{F31911B6-B380-4637-9608-E4DA568701F6}.Debug|Any CPU.Build.0 = Debug|Any CPU
		{F31911B6-B380-4637-9608-E4DA568701F6}.Release|Any CPU.ActiveCfg = Release|Any CPU
		{F31911B6-B380-4637-9608-E4DA568701F6}.Release|Any CPU.Build.0 = Release|Any CPU
		{4BCDCBD5-7DA0-41AA-BFAB-6C9D14DA8014}.Debug|Any CPU.ActiveCfg = Debug|Any CPU
		{4BCDCBD5-7DA0-41AA-BFAB-6C9D14DA8014}.Debug|Any CPU.Build.0 = Debug|Any CPU
		{4BCDCBD5-7DA0-41AA-BFAB-6C9D14DA8014}.Release|Any CPU.ActiveCfg = Release|Any CPU
		{4BCDCBD5-7DA0-41AA-BFAB-6C9D14DA8014}.Release|Any CPU.Build.0 = Release|Any CPU
		{2A9E0C0D-2CC1-4842-80E6-67FE5575E737}.Debug|Any CPU.ActiveCfg = Debug|Any CPU
		{2A9E0C0D-2CC1-4842-80E6-67FE5575E737}.Debug|Any CPU.Build.0 = Debug|Any CPU
		{2A9E0C0D-2CC1-4842-80E6-67FE5575E737}.Release|Any CPU.ActiveCfg = Release|Any CPU
		{2A9E0C0D-2CC1-4842-80E6-67FE5575E737}.Release|Any CPU.Build.0 = Release|Any CPU
		{F3A31412-A738-49EF-83B3-E2EBDFC5E954}.Debug|Any CPU.ActiveCfg = Debug|Any CPU
		{F3A31412-A738-49EF-83B3-E2EBDFC5E954}.Debug|Any CPU.Build.0 = Debug|Any CPU
		{F3A31412-A738-49EF-83B3-E2EBDFC5E954}.Release|Any CPU.ActiveCfg = Release|Any CPU
		{F3A31412-A738-49EF-83B3-E2EBDFC5E954}.Release|Any CPU.Build.0 = Release|Any CPU
		{55188304-FFAF-4F7D-BE59-94E5EC04DDF8}.Debug|Any CPU.ActiveCfg = Debug|Any CPU
		{55188304-FFAF-4F7D-BE59-94E5EC04DDF8}.Debug|Any CPU.Build.0 = Debug|Any CPU
		{55188304-FFAF-4F7D-BE59-94E5EC04DDF8}.Release|Any CPU.ActiveCfg = Release|Any CPU
		{55188304-FFAF-4F7D-BE59-94E5EC04DDF8}.Release|Any CPU.Build.0 = Release|Any CPU
		{8181F21E-7866-47F0-80A2-D0BE3F325F6B}.Debug|Any CPU.ActiveCfg = Debug|Any CPU
		{8181F21E-7866-47F0-80A2-D0BE3F325F6B}.Debug|Any CPU.Build.0 = Debug|Any CPU
		{8181F21E-7866-47F0-80A2-D0BE3F325F6B}.Release|Any CPU.ActiveCfg = Release|Any CPU
		{8181F21E-7866-47F0-80A2-D0BE3F325F6B}.Release|Any CPU.Build.0 = Release|Any CPU
		{FC23773E-8635-4B75-A87E-328274AB3162}.Debug|Any CPU.ActiveCfg = Debug|Any CPU
		{FC23773E-8635-4B75-A87E-328274AB3162}.Debug|Any CPU.Build.0 = Debug|Any CPU
		{FC23773E-8635-4B75-A87E-328274AB3162}.Release|Any CPU.ActiveCfg = Release|Any CPU
		{FC23773E-8635-4B75-A87E-328274AB3162}.Release|Any CPU.Build.0 = Release|Any CPU
		{10023A6E-4305-4757-8C52-28B0C473EC4F}.Debug|Any CPU.ActiveCfg = Debug|Any CPU
		{10023A6E-4305-4757-8C52-28B0C473EC4F}.Debug|Any CPU.Build.0 = Debug|Any CPU
		{10023A6E-4305-4757-8C52-28B0C473EC4F}.Release|Any CPU.ActiveCfg = Release|Any CPU
		{10023A6E-4305-4757-8C52-28B0C473EC4F}.Release|Any CPU.Build.0 = Release|Any CPU
		{19F4C89C-0693-495D-A9E0-B71B554A2CEF}.Debug|Any CPU.ActiveCfg = Debug|Any CPU
		{19F4C89C-0693-495D-A9E0-B71B554A2CEF}.Debug|Any CPU.Build.0 = Debug|Any CPU
		{19F4C89C-0693-495D-A9E0-B71B554A2CEF}.Release|Any CPU.ActiveCfg = Release|Any CPU
		{19F4C89C-0693-495D-A9E0-B71B554A2CEF}.Release|Any CPU.Build.0 = Release|Any CPU
		{8F2D58D6-CD04-4CEA-A25C-48D5C7A027D4}.Debug|Any CPU.ActiveCfg = Debug|Any CPU
		{8F2D58D6-CD04-4CEA-A25C-48D5C7A027D4}.Debug|Any CPU.Build.0 = Debug|Any CPU
		{8F2D58D6-CD04-4CEA-A25C-48D5C7A027D4}.Release|Any CPU.ActiveCfg = Release|Any CPU
		{8F2D58D6-CD04-4CEA-A25C-48D5C7A027D4}.Release|Any CPU.Build.0 = Release|Any CPU
		{83B1FEEC-7A54-403F-84B8-FAD1C3E7B09B}.Debug|Any CPU.ActiveCfg = Debug|Any CPU
		{83B1FEEC-7A54-403F-84B8-FAD1C3E7B09B}.Debug|Any CPU.Build.0 = Debug|Any CPU
		{83B1FEEC-7A54-403F-84B8-FAD1C3E7B09B}.Release|Any CPU.ActiveCfg = Release|Any CPU
		{83B1FEEC-7A54-403F-84B8-FAD1C3E7B09B}.Release|Any CPU.Build.0 = Release|Any CPU
		{C08BF39B-2AB5-427B-8FA5-DACB9545EC06}.Debug|Any CPU.ActiveCfg = Debug|Any CPU
		{C08BF39B-2AB5-427B-8FA5-DACB9545EC06}.Debug|Any CPU.Build.0 = Debug|Any CPU
		{C08BF39B-2AB5-427B-8FA5-DACB9545EC06}.Release|Any CPU.ActiveCfg = Release|Any CPU
		{C08BF39B-2AB5-427B-8FA5-DACB9545EC06}.Release|Any CPU.Build.0 = Release|Any CPU
		{D3735023-C797-49E8-A47F-D295F5BBE5C5}.Debug|Any CPU.ActiveCfg = Debug|Any CPU
		{D3735023-C797-49E8-A47F-D295F5BBE5C5}.Debug|Any CPU.Build.0 = Debug|Any CPU
		{D3735023-C797-49E8-A47F-D295F5BBE5C5}.Release|Any CPU.ActiveCfg = Release|Any CPU
		{D3735023-C797-49E8-A47F-D295F5BBE5C5}.Release|Any CPU.Build.0 = Release|Any CPU
		{C9DE261D-7BD9-4DDC-9140-4F4F2855BB20}.Debug|Any CPU.ActiveCfg = Debug|Any CPU
		{C9DE261D-7BD9-4DDC-9140-4F4F2855BB20}.Debug|Any CPU.Build.0 = Debug|Any CPU
		{C9DE261D-7BD9-4DDC-9140-4F4F2855BB20}.Release|Any CPU.ActiveCfg = Release|Any CPU
		{C9DE261D-7BD9-4DDC-9140-4F4F2855BB20}.Release|Any CPU.Build.0 = Release|Any CPU
		{B0BEB603-962C-4EEF-BF7F-5D0BDAC247AC}.Debug|Any CPU.ActiveCfg = Debug|Any CPU
		{B0BEB603-962C-4EEF-BF7F-5D0BDAC247AC}.Debug|Any CPU.Build.0 = Debug|Any CPU
		{B0BEB603-962C-4EEF-BF7F-5D0BDAC247AC}.Release|Any CPU.ActiveCfg = Release|Any CPU
		{B0BEB603-962C-4EEF-BF7F-5D0BDAC247AC}.Release|Any CPU.Build.0 = Release|Any CPU
		{9A059697-D060-4728-A64C-49A7DE394682}.Debug|Any CPU.ActiveCfg = Debug|Any CPU
		{9A059697-D060-4728-A64C-49A7DE394682}.Debug|Any CPU.Build.0 = Debug|Any CPU
		{9A059697-D060-4728-A64C-49A7DE394682}.Release|Any CPU.ActiveCfg = Release|Any CPU
		{9A059697-D060-4728-A64C-49A7DE394682}.Release|Any CPU.Build.0 = Release|Any CPU
		{C7427CEA-1D49-4AE4-879B-B6717FA3795A}.Debug|Any CPU.ActiveCfg = Debug|Any CPU
		{C7427CEA-1D49-4AE4-879B-B6717FA3795A}.Debug|Any CPU.Build.0 = Debug|Any CPU
		{C7427CEA-1D49-4AE4-879B-B6717FA3795A}.Release|Any CPU.ActiveCfg = Release|Any CPU
		{C7427CEA-1D49-4AE4-879B-B6717FA3795A}.Release|Any CPU.Build.0 = Release|Any CPU
		{94776EFC-168D-4AF1-8AB5-352A609A7253}.Debug|Any CPU.ActiveCfg = Debug|Any CPU
		{94776EFC-168D-4AF1-8AB5-352A609A7253}.Debug|Any CPU.Build.0 = Debug|Any CPU
		{94776EFC-168D-4AF1-8AB5-352A609A7253}.Release|Any CPU.ActiveCfg = Release|Any CPU
		{94776EFC-168D-4AF1-8AB5-352A609A7253}.Release|Any CPU.Build.0 = Release|Any CPU
		{AFA0173B-AD79-4DAB-8096-4C822D6D946F}.Debug|Any CPU.ActiveCfg = Debug|Any CPU
		{AFA0173B-AD79-4DAB-8096-4C822D6D946F}.Debug|Any CPU.Build.0 = Debug|Any CPU
		{AFA0173B-AD79-4DAB-8096-4C822D6D946F}.Release|Any CPU.ActiveCfg = Release|Any CPU
		{AFA0173B-AD79-4DAB-8096-4C822D6D946F}.Release|Any CPU.Build.0 = Release|Any CPU
		{56FD005B-130C-4A79-ADF5-621B20E4896A}.Debug|Any CPU.ActiveCfg = Debug|Any CPU
		{56FD005B-130C-4A79-ADF5-621B20E4896A}.Debug|Any CPU.Build.0 = Debug|Any CPU
		{56FD005B-130C-4A79-ADF5-621B20E4896A}.Release|Any CPU.ActiveCfg = Release|Any CPU
		{56FD005B-130C-4A79-ADF5-621B20E4896A}.Release|Any CPU.Build.0 = Release|Any CPU
		{41ECE1B7-51F8-4BB9-A15F-EF0D209657C8}.Debug|Any CPU.ActiveCfg = Debug|Any CPU
		{41ECE1B7-51F8-4BB9-A15F-EF0D209657C8}.Debug|Any CPU.Build.0 = Debug|Any CPU
		{41ECE1B7-51F8-4BB9-A15F-EF0D209657C8}.Release|Any CPU.ActiveCfg = Release|Any CPU
		{41ECE1B7-51F8-4BB9-A15F-EF0D209657C8}.Release|Any CPU.Build.0 = Release|Any CPU
		{C6564EDD-8BAA-4806-8E42-21FB73C8708C}.Debug|Any CPU.ActiveCfg = Debug|Any CPU
		{C6564EDD-8BAA-4806-8E42-21FB73C8708C}.Debug|Any CPU.Build.0 = Debug|Any CPU
		{C6564EDD-8BAA-4806-8E42-21FB73C8708C}.Release|Any CPU.ActiveCfg = Release|Any CPU
		{C6564EDD-8BAA-4806-8E42-21FB73C8708C}.Release|Any CPU.Build.0 = Release|Any CPU
		{F96FE91C-C158-47F0-BFC1-FAF7866B7532}.Debug|Any CPU.ActiveCfg = Debug|Any CPU
		{F96FE91C-C158-47F0-BFC1-FAF7866B7532}.Debug|Any CPU.Build.0 = Debug|Any CPU
		{F96FE91C-C158-47F0-BFC1-FAF7866B7532}.Release|Any CPU.ActiveCfg = Release|Any CPU
		{F96FE91C-C158-47F0-BFC1-FAF7866B7532}.Release|Any CPU.Build.0 = Release|Any CPU
		{F78F1814-87D2-4FD0-AF85-830EF5FC1DBD}.Debug|Any CPU.ActiveCfg = Debug|Any CPU
		{F78F1814-87D2-4FD0-AF85-830EF5FC1DBD}.Debug|Any CPU.Build.0 = Debug|Any CPU
		{F78F1814-87D2-4FD0-AF85-830EF5FC1DBD}.Release|Any CPU.ActiveCfg = Release|Any CPU
		{F78F1814-87D2-4FD0-AF85-830EF5FC1DBD}.Release|Any CPU.Build.0 = Release|Any CPU
		{0603F1AD-1B1C-4693-8A64-F210569CBAF9}.Debug|Any CPU.ActiveCfg = Debug|Any CPU
		{0603F1AD-1B1C-4693-8A64-F210569CBAF9}.Debug|Any CPU.Build.0 = Debug|Any CPU
		{0603F1AD-1B1C-4693-8A64-F210569CBAF9}.Release|Any CPU.ActiveCfg = Release|Any CPU
		{0603F1AD-1B1C-4693-8A64-F210569CBAF9}.Release|Any CPU.Build.0 = Release|Any CPU
		{05FD50F1-6141-4593-BA59-816CE85C71CE}.Debug|Any CPU.ActiveCfg = Debug|Any CPU
		{05FD50F1-6141-4593-BA59-816CE85C71CE}.Debug|Any CPU.Build.0 = Debug|Any CPU
		{05FD50F1-6141-4593-BA59-816CE85C71CE}.Release|Any CPU.ActiveCfg = Release|Any CPU
		{05FD50F1-6141-4593-BA59-816CE85C71CE}.Release|Any CPU.Build.0 = Release|Any CPU
		{6A56202A-608D-4379-B795-DF3BA30CC8C3}.Debug|Any CPU.ActiveCfg = Debug|Any CPU
		{6A56202A-608D-4379-B795-DF3BA30CC8C3}.Debug|Any CPU.Build.0 = Debug|Any CPU
		{6A56202A-608D-4379-B795-DF3BA30CC8C3}.Release|Any CPU.ActiveCfg = Release|Any CPU
		{6A56202A-608D-4379-B795-DF3BA30CC8C3}.Release|Any CPU.Build.0 = Release|Any CPU
		{D6CFA60D-5D22-4D75-AED7-AFF8A452F2B1}.Debug|Any CPU.ActiveCfg = Debug|Any CPU
		{D6CFA60D-5D22-4D75-AED7-AFF8A452F2B1}.Debug|Any CPU.Build.0 = Debug|Any CPU
		{D6CFA60D-5D22-4D75-AED7-AFF8A452F2B1}.Release|Any CPU.ActiveCfg = Release|Any CPU
		{D6CFA60D-5D22-4D75-AED7-AFF8A452F2B1}.Release|Any CPU.Build.0 = Release|Any CPU
		{AD4EABC8-21ED-4EB2-BA80-84B821DEC22D}.Debug|Any CPU.ActiveCfg = Debug|Any CPU
		{AD4EABC8-21ED-4EB2-BA80-84B821DEC22D}.Debug|Any CPU.Build.0 = Debug|Any CPU
		{AD4EABC8-21ED-4EB2-BA80-84B821DEC22D}.Release|Any CPU.ActiveCfg = Release|Any CPU
		{AD4EABC8-21ED-4EB2-BA80-84B821DEC22D}.Release|Any CPU.Build.0 = Release|Any CPU
		{6F837E67-D8AB-410F-A50E-F77A4619D4FC}.Debug|Any CPU.ActiveCfg = Debug|Any CPU
		{6F837E67-D8AB-410F-A50E-F77A4619D4FC}.Debug|Any CPU.Build.0 = Debug|Any CPU
		{6F837E67-D8AB-410F-A50E-F77A4619D4FC}.Release|Any CPU.ActiveCfg = Release|Any CPU
		{6F837E67-D8AB-410F-A50E-F77A4619D4FC}.Release|Any CPU.Build.0 = Release|Any CPU
		{1B34914A-05D8-4107-A48A-54092F6788CC}.Debug|Any CPU.ActiveCfg = Debug|Any CPU
		{1B34914A-05D8-4107-A48A-54092F6788CC}.Debug|Any CPU.Build.0 = Debug|Any CPU
		{1B34914A-05D8-4107-A48A-54092F6788CC}.Release|Any CPU.ActiveCfg = Release|Any CPU
		{1B34914A-05D8-4107-A48A-54092F6788CC}.Release|Any CPU.Build.0 = Release|Any CPU
		{4CEC2A44-690C-4271-8ECD-AF268FD611FC}.Debug|Any CPU.ActiveCfg = Debug|Any CPU
		{4CEC2A44-690C-4271-8ECD-AF268FD611FC}.Debug|Any CPU.Build.0 = Debug|Any CPU
		{4CEC2A44-690C-4271-8ECD-AF268FD611FC}.Release|Any CPU.ActiveCfg = Release|Any CPU
		{4CEC2A44-690C-4271-8ECD-AF268FD611FC}.Release|Any CPU.Build.0 = Release|Any CPU
		{5B7BD630-F10B-45A1-BB83-00D5C3C84AAD}.Debug|Any CPU.ActiveCfg = Debug|Any CPU
		{5B7BD630-F10B-45A1-BB83-00D5C3C84AAD}.Debug|Any CPU.Build.0 = Debug|Any CPU
		{5B7BD630-F10B-45A1-BB83-00D5C3C84AAD}.Release|Any CPU.ActiveCfg = Release|Any CPU
		{5B7BD630-F10B-45A1-BB83-00D5C3C84AAD}.Release|Any CPU.Build.0 = Release|Any CPU
		{F2E6AF26-8C6D-448E-A511-222C59CD709D}.Debug|Any CPU.ActiveCfg = Debug|Any CPU
		{F2E6AF26-8C6D-448E-A511-222C59CD709D}.Debug|Any CPU.Build.0 = Debug|Any CPU
		{F2E6AF26-8C6D-448E-A511-222C59CD709D}.Release|Any CPU.ActiveCfg = Release|Any CPU
		{F2E6AF26-8C6D-448E-A511-222C59CD709D}.Release|Any CPU.Build.0 = Release|Any CPU
		{4B76475E-6773-458D-B535-7B8555B07B60}.Debug|Any CPU.ActiveCfg = Debug|Any CPU
		{4B76475E-6773-458D-B535-7B8555B07B60}.Debug|Any CPU.Build.0 = Debug|Any CPU
		{4B76475E-6773-458D-B535-7B8555B07B60}.Release|Any CPU.ActiveCfg = Release|Any CPU
		{4B76475E-6773-458D-B535-7B8555B07B60}.Release|Any CPU.Build.0 = Release|Any CPU
		{F85AA13F-9374-49F8-9C7C-49F3419AE12F}.Debug|Any CPU.ActiveCfg = Debug|Any CPU
		{F85AA13F-9374-49F8-9C7C-49F3419AE12F}.Debug|Any CPU.Build.0 = Debug|Any CPU
		{F85AA13F-9374-49F8-9C7C-49F3419AE12F}.Release|Any CPU.ActiveCfg = Release|Any CPU
		{F85AA13F-9374-49F8-9C7C-49F3419AE12F}.Release|Any CPU.Build.0 = Release|Any CPU
		{14758493-F76C-4D1F-A279-7928692667A1}.Debug|Any CPU.ActiveCfg = Debug|Any CPU
		{14758493-F76C-4D1F-A279-7928692667A1}.Debug|Any CPU.Build.0 = Debug|Any CPU
		{14758493-F76C-4D1F-A279-7928692667A1}.Release|Any CPU.ActiveCfg = Release|Any CPU
		{14758493-F76C-4D1F-A279-7928692667A1}.Release|Any CPU.Build.0 = Release|Any CPU
		{D02C445C-E603-48C7-BC01-B435B34B80B5}.Debug|Any CPU.ActiveCfg = Debug|Any CPU
		{D02C445C-E603-48C7-BC01-B435B34B80B5}.Debug|Any CPU.Build.0 = Debug|Any CPU
		{D02C445C-E603-48C7-BC01-B435B34B80B5}.Release|Any CPU.ActiveCfg = Release|Any CPU
		{D02C445C-E603-48C7-BC01-B435B34B80B5}.Release|Any CPU.Build.0 = Release|Any CPU
		{5A0CE2CE-96B3-4680-B2AE-ED9541AB717F}.Debug|Any CPU.ActiveCfg = Debug|Any CPU
		{5A0CE2CE-96B3-4680-B2AE-ED9541AB717F}.Debug|Any CPU.Build.0 = Debug|Any CPU
		{5A0CE2CE-96B3-4680-B2AE-ED9541AB717F}.Release|Any CPU.ActiveCfg = Release|Any CPU
		{5A0CE2CE-96B3-4680-B2AE-ED9541AB717F}.Release|Any CPU.Build.0 = Release|Any CPU
		{101C9394-378E-4F52-A052-FC34E7D825A4}.Debug|Any CPU.ActiveCfg = Debug|Any CPU
		{101C9394-378E-4F52-A052-FC34E7D825A4}.Debug|Any CPU.Build.0 = Debug|Any CPU
		{101C9394-378E-4F52-A052-FC34E7D825A4}.Release|Any CPU.ActiveCfg = Release|Any CPU
		{101C9394-378E-4F52-A052-FC34E7D825A4}.Release|Any CPU.Build.0 = Release|Any CPU
		{FE4BB6FF-857D-4645-8233-BCC13DF6393A}.Debug|Any CPU.ActiveCfg = Debug|Any CPU
		{FE4BB6FF-857D-4645-8233-BCC13DF6393A}.Debug|Any CPU.Build.0 = Debug|Any CPU
		{FE4BB6FF-857D-4645-8233-BCC13DF6393A}.Release|Any CPU.ActiveCfg = Release|Any CPU
		{FE4BB6FF-857D-4645-8233-BCC13DF6393A}.Release|Any CPU.Build.0 = Release|Any CPU
		{2C591B89-B769-4AF8-B450-EB1A3745EC7F}.Debug|Any CPU.ActiveCfg = Debug|Any CPU
		{2C591B89-B769-4AF8-B450-EB1A3745EC7F}.Debug|Any CPU.Build.0 = Debug|Any CPU
		{2C591B89-B769-4AF8-B450-EB1A3745EC7F}.Release|Any CPU.ActiveCfg = Release|Any CPU
		{2C591B89-B769-4AF8-B450-EB1A3745EC7F}.Release|Any CPU.Build.0 = Release|Any CPU
		{A2A8627C-7593-46A2-8275-8A076D6DD2F4}.Debug|Any CPU.ActiveCfg = Debug|Any CPU
		{A2A8627C-7593-46A2-8275-8A076D6DD2F4}.Debug|Any CPU.Build.0 = Debug|Any CPU
		{A2A8627C-7593-46A2-8275-8A076D6DD2F4}.Release|Any CPU.ActiveCfg = Release|Any CPU
		{A2A8627C-7593-46A2-8275-8A076D6DD2F4}.Release|Any CPU.Build.0 = Release|Any CPU
		{F5BEDB9A-7E20-4A3E-BFA3-37E3882884CC}.Debug|Any CPU.ActiveCfg = Debug|Any CPU
		{F5BEDB9A-7E20-4A3E-BFA3-37E3882884CC}.Debug|Any CPU.Build.0 = Debug|Any CPU
		{F5BEDB9A-7E20-4A3E-BFA3-37E3882884CC}.Release|Any CPU.ActiveCfg = Release|Any CPU
		{F5BEDB9A-7E20-4A3E-BFA3-37E3882884CC}.Release|Any CPU.Build.0 = Release|Any CPU
		{6DEF44B6-7733-480C-9018-F2C3C3A80510}.Debug|Any CPU.ActiveCfg = Debug|Any CPU
		{6DEF44B6-7733-480C-9018-F2C3C3A80510}.Debug|Any CPU.Build.0 = Debug|Any CPU
		{6DEF44B6-7733-480C-9018-F2C3C3A80510}.Release|Any CPU.ActiveCfg = Release|Any CPU
		{6DEF44B6-7733-480C-9018-F2C3C3A80510}.Release|Any CPU.Build.0 = Release|Any CPU
		{87C2536D-5558-4D69-96A0-DC3C1414CA43}.Debug|Any CPU.ActiveCfg = Debug|Any CPU
		{87C2536D-5558-4D69-96A0-DC3C1414CA43}.Debug|Any CPU.Build.0 = Debug|Any CPU
		{87C2536D-5558-4D69-96A0-DC3C1414CA43}.Release|Any CPU.ActiveCfg = Release|Any CPU
		{87C2536D-5558-4D69-96A0-DC3C1414CA43}.Release|Any CPU.Build.0 = Release|Any CPU
		{DCCADDFA-1CFE-405B-9A2D-69EC1054C97B}.Debug|Any CPU.ActiveCfg = Debug|Any CPU
		{DCCADDFA-1CFE-405B-9A2D-69EC1054C97B}.Debug|Any CPU.Build.0 = Debug|Any CPU
		{DCCADDFA-1CFE-405B-9A2D-69EC1054C97B}.Release|Any CPU.ActiveCfg = Release|Any CPU
		{DCCADDFA-1CFE-405B-9A2D-69EC1054C97B}.Release|Any CPU.Build.0 = Release|Any CPU
	EndGlobalSection
EndGlobal
